github.com/aws/aws-sdk-go v1.25.26 h1:hMrxW3feteaGcP32oKaFdCQsCEWYf9zF12g73C0AcbI=
github.com/aws/aws-sdk-go v1.25.26/go.mod h1:KmX6BPdI08NWTb3/sm4ZGu5ShLoqVDhKgpiN924inxo=
github.com/aws/aws-sdk-go v1.28.13 h1:JyCQQ86yil3hg7MtWdNH8Pbcgx92qlUV2v22Km63Mf4=
github.com/jmespath/go-jmespath v0.0.0-20180206201540-c2b33e8439af h1:pmfjZENx5imkbgOkpRUYLnmbU7UEFbjtDA2hxJ1ichM=
github.com/jmespath/go-jmespath v0.0.0-20180206201540-c2b33e8439af/go.mod h1:Nht3zPeWKUH0NzdCt2Blrr5ys8VGpn0CEB0cQHVjt7k=
github.com/logrusorgru/aurora v0.0.0-20200102142835-e9ef32dff381 h1:bqDmpDG49ZRnB5PcgP0RXtQvnMSgIF14M7CBd2shtXs=
github.com/logrusorgru/aurora v0.0.0-20200102142835-e9ef32dff381/go.mod h1:7rIyQOR62GCctdiQpZ/zOJlFyk6y+94wXzv6RNZgaR4=
github.com/mergermarket/cdflow2-config-common v0.1.0 h1:0EgF9N3qDiBVt5ExbL3TPPtjRmW6smMPkNPT5Ez+yNY=
github.com/mergermarket/cdflow2-config-common v0.1.0/go.mod h1:kNBuyxspdu5cWP5e7VAmrP+5elB2wP5pHlcvLLpiyzI=
github.com/mergermarket/cdflow2-config-common v0.2.0 h1:oslzc8LjNQKEWcBWZupq5AL/RuOXF1PQ2i85aje3yP4=
github.com/mergermarket/cdflow2-config-common v0.2.0/go.mod h1:kNBuyxspdu5cWP5e7VAmrP+5elB2wP5pHlcvLLpiyzI=
github.com/mergermarket/cdflow2-config-common v0.3.0 h1:3Y2EHDHT8GtxTHEcSPyczARCaTiXG7HVVopsEDGn36w=
github.com/mergermarket/cdflow2-config-common v0.3.0/go.mod h1:kNBuyxspdu5cWP5e7VAmrP+5elB2wP5pHlcvLLpiyzI=
github.com/mergermarket/cdflow2-config-common v0.4.0 h1:+QbDOsE70uOAUz1/T7fybSuQLfg15FVl8geJVZhiEhc=
github.com/mergermarket/cdflow2-config-common v0.4.0/go.mod h1:kNBuyxspdu5cWP5e7VAmrP+5elB2wP5pHlcvLLpiyzI=
github.com/mergermarket/cdflow2-config-common v0.5.0 h1:WfgZgdvfEEOofBpbNab6cOXqmOjuyALVfzaI2FGYQfY=
github.com/mergermarket/cdflow2-config-common v0.5.0/go.mod h1:kNBuyxspdu5cWP5e7VAmrP+5elB2wP5pHlcvLLpiyzI=
github.com/mergermarket/cdflow2-config-common v0.7.1 h1:qYeCGfmrPXhLNSIW4c5LjP0uNm2R+27ROtiz1tk19Bc=
github.com/mergermarket/cdflow2-config-common v0.7.1/go.mod h1:IqxyQiHCJ4xKjM4CHeJZKvL2Ub5S9v6MiBExSWFYBSA=
github.com/mergermarket/cdflow2-config-common v0.8.0 h1:ZiwM6/4uzYb1jVGkTbwLO+pD0Ivf3IVebC28IBQokfw=
github.com/mergermarket/cdflow2-config-common v0.8.0/go.mod h1:IqxyQiHCJ4xKjM4CHeJZKvL2Ub5S9v6MiBExSWFYBSA=
github.com/mergermarket/cdflow2-config-common v0.9.0 h1:neghVpUz+n9c/ld5DPI4A1y/ZB3ZBkbTJgVjXLlVy9s=
github.com/mergermarket/cdflow2-config-common v0.9.0/go.mod h1:kNBuyxspdu5cWP5e7VAmrP+5elB2wP5pHlcvLLpiyzI=
github.com/mergermarket/cdflow2-config-common v0.11.0 h1:svVp3Tf5X8RefDpR/zyxrTO6ZPOs3qHRDusaIcY/SxY=
github.com/mergermarket/cdflow2-config-common v0.11.0/go.mod h1:kNBuyxspdu5cWP5e7VAmrP+5elB2wP5pHlcvLLpiyzI=
github.com/mergermarket/cdflow2-config-common v0.13.0 h1:pDJVAfHBkuNinH7nuUgho8KOisDuPjqZEdmwwKlwT7o=
github.com/mergermarket/cdflow2-config-common v0.13.0/go.mod h1:kNBuyxspdu5cWP5e7VAmrP+5elB2wP5pHlcvLLpiyzI=
github.com/mergermarket/cdflow2-config-common v0.15.0 h1:3UInYV59pH7f3D1ZbIaV6aZEPiFvvZRxQtqsujEil2o=
github.com/mergermarket/cdflow2-config-common v0.15.0/go.mod h1:kNBuyxspdu5cWP5e7VAmrP+5elB2wP5pHlcvLLpiyzI=
github.com/mergermarket/cdflow2-config-common v0.16.0 h1:fLKVi79AMwiyGzABibVPjvn6/f2Z4y6PYROY7bT//xo=
github.com/mergermarket/cdflow2-config-common v0.16.0/go.mod h1:kNBuyxspdu5cWP5e7VAmrP+5elB2wP5pHlcvLLpiyzI=
github.com/mergermarket/cdflow2-config-common v0.17.0 h1:Ugvlz38ZEpppFB0xUNgtRuG/2GMmK6VapwLZzhdWklg=
github.com/mergermarket/cdflow2-config-common v0.17.0/go.mod h1:kNBuyxspdu5cWP5e7VAmrP+5elB2wP5pHlcvLLpiyzI=
github.com/mergermarket/cdflow2-config-common v0.18.0 h1:xHQoqL3zendCobPzjtgnOOEuNAMxa+r9AoE40r/owk8=
github.com/mergermarket/cdflow2-config-common v0.18.0/go.mod h1:kNBuyxspdu5cWP5e7VAmrP+5elB2wP5pHlcvLLpiyzI=
github.com/mergermarket/cdflow2-config-common v0.19.0 h1:o8admFiIz7cHiBuTOykUJtGiZ+BpznF7kohoOYS1sL0=
github.com/mergermarket/cdflow2-config-common v0.19.0/go.mod h1:kNBuyxspdu5cWP5e7VAmrP+5elB2wP5pHlcvLLpiyzI=
github.com/mergermarket/cdflow2-config-common v0.20.0 h1:0qR3NDxmn55XkvQjbJKkTKz3k8W7Hiwh5JKhvV//odM=
github.com/mergermarket/cdflow2-config-common v0.20.0/go.mod h1:kNBuyxspdu5cWP5e7VAmrP+5elB2wP5pHlcvLLpiyzI=
github.com/mergermarket/cdflow2-config-common v0.23.0 h1:5ANoA6vNwG979kqc2+gmmN/KS7LmevrLMCjuYn9VDhM=
github.com/mergermarket/cdflow2-config-common v0.23.0/go.mod h1:kNBuyxspdu5cWP5e7VAmrP+5elB2wP5pHlcvLLpiyzI=
github.com/pierrre/archivefile v0.0.0-20170218184037-e2d100bc74f5 h1:NSJ2ncDyrZ58zh67WXRBVoythaPHPTcF64mRIvrQgQk=
github.com/pierrre/archivefile v0.0.0-20170218184037-e2d100bc74f5/go.mod h1:VKhfi3lB86pwfB8XPHcj7Ysi1TczeIwwx3cOGcWXVXU=
golang.org/x/crypto v0.0.0-20190308221718-c2843e01d9a2/go.mod h1:djNgcEr1/C05ACkg1iLfiJU5Ep61QUkGW8qpdssI0+w=
golang.org/x/net v0.0.0-20200301022130-244492dfa37a h1:GuSPYbZzB5/dcLNCwLQLsg3obCJtX9IJhpXkvY7kzk0=
golang.org/x/net v0.0.0-20200301022130-244492dfa37a/go.mod h1:z5CRVTTTmAJ677TzLLGU+0bjPO0LkuOLi4/5GtJWs/s=
golang.org/x/sys v0.0.0-20190215142949-d0b11bdaac8a/go.mod h1:STP8DvDyc/dI5b8T5hshtkjS+E42TnysNCUPdjciGhY=
golang.org/x/text v0.3.0 h1:g61tztE5qeGQ89tm6NTjjM9VPIm088od1l6aSorWRWg=
golang.org/x/text v0.3.0/go.mod h1:NqM8EUOU14njkJ3fqMW+pc6Ldnwhi/IjpwHt7yyuwOQ=
